
Microsoft Visual Studio Solution File, Format Version 10.00
# Visual Studio 2008
Project("{FAE04EC0-301F-11D3-BF4B-00C04F79EFBC}") = "BLL", "BLL\BLL.csproj", "{00C65F51-02C0-486B-8CEB-C320D555A7AB}"
EndProject
Project("{FAE04EC0-301F-11D3-BF4B-00C04F79EFBC}") = "DAL", "DAL\DAL.csproj", "{C46A37F3-DB3B-490A-9CE5-45C9BF28E4C0}"
EndProject
Project("{FAE04EC0-301F-11D3-BF4B-00C04F79EFBC}") = "Model", "Model\Model.csproj", "{258CFD00-8A10-4412-9897-149E37C82942}"
EndProject
Project("{FAE04EC0-301F-11D3-BF4B-00C04F79EFBC}") = "Common", "Common\Common.csproj", "{CD4CF002-8239-46EA-A9C9-43B142306153}"
EndProject
Project("{E24C65DC-7377-472B-9ABA-BC803B73C61A}") = "Web", "Web\", "{D4E7C749-F6A3-4A29-BC28-1693E1269A82}"
	ProjectSection(WebsiteProperties) = preProject
		SccProjectName = "Svn"
		SccAuxPath = "Svn"
		SccLocalPath = "Svn"
		SccProvider = "SubversionScc"
		TargetFramework = "3.5"
		ProjectReferences = "{C46A37F3-DB3B-490A-9CE5-45C9BF28E4C0}|DAL.dll;{258CFD00-8A10-4412-9897-149E37C82942}|Model.dll;{00C65F51-02C0-486B-8CEB-C320D555A7AB}|BLL.dll;{CD4CF002-8239-46EA-A9C9-43B142306153}|Common.dll;"
		Debug.AspNetCompiler.VirtualPath = "/Web"
		Debug.AspNetCompiler.PhysicalPath = "Web\"
		Debug.AspNetCompiler.TargetPath = "PrecompiledWeb\Web\"
		Debug.AspNetCompiler.Updateable = "true"
		Debug.AspNetCompiler.ForceOverwrite = "true"
		Debug.AspNetCompiler.FixedNames = "false"
		Debug.AspNetCompiler.Debug = "True"
		Release.AspNetCompiler.VirtualPath = "/Web"
		Release.AspNetCompiler.PhysicalPath = "Web\"
		Release.AspNetCompiler.TargetPath = "PrecompiledWeb\Web\"
		Release.AspNetCompiler.Updateable = "true"
		Release.AspNetCompiler.ForceOverwrite = "true"
		Release.AspNetCompiler.FixedNames = "false"
		Release.AspNetCompiler.Debug = "False"
		VWDPort = "1490"
	EndProjectSection
EndProject
Global
	GlobalSection(SubversionScc) = preSolution
		Svn-Managed = True
		Manager = AnkhSVN - Subversion Support for Visual Studio
	EndGlobalSection
	GlobalSection(SolutionConfigurationPlatforms) = preSolution
		Debug|Any CPU = Debug|Any CPU
		Release|Any CPU = Release|Any CPU
	EndGlobalSection
	GlobalSection(ProjectConfigurationPlatforms) = postSolution
		{00C65F51-02C0-486B-8CEB-C320D555A7AB}.Debug|Any CPU.ActiveCfg = Debug|Any CPU
		{00C65F51-02C0-486B-8CEB-C320D555A7AB}.Debug|Any CPU.Build.0 = Debug|Any CPU
		{00C65F51-02C0-486B-8CEB-C320D555A7AB}.Release|Any CPU.ActiveCfg = Release|Any CPU
		{00C65F51-02C0-486B-8CEB-C320D555A7AB}.Release|Any CPU.Build.0 = Release|Any CPU
		{C46A37F3-DB3B-490A-9CE5-45C9BF28E4C0}.Debug|Any CPU.ActiveCfg = Debug|Any CPU
		{C46A37F3-DB3B-490A-9CE5-45C9BF28E4C0}.Debug|Any CPU.Build.0 = Debug|Any CPU
		{C46A37F3-DB3B-490A-9CE5-45C9BF28E4C0}.Release|Any CPU.ActiveCfg = Release|Any CPU
		{C46A37F3-DB3B-490A-9CE5-45C9BF28E4C0}.Release|Any CPU.Build.0 = Release|Any CPU
		{258CFD00-8A10-4412-9897-149E37C82942}.Debug|Any CPU.ActiveCfg = Debug|Any CPU
		{258CFD00-8A10-4412-9897-149E37C82942}.Debug|Any CPU.Build.0 = Debug|Any CPU
		{258CFD00-8A10-4412-9897-149E37C82942}.Release|Any CPU.ActiveCfg = Release|Any CPU
		{258CFD00-8A10-4412-9897-149E37C82942}.Release|Any CPU.Build.0 = Release|Any CPU
		{CD4CF002-8239-46EA-A9C9-43B142306153}.Debug|Any CPU.ActiveCfg = Debug|Any CPU
		{CD4CF002-8239-46EA-A9C9-43B142306153}.Debug|Any CPU.Build.0 = Debug|Any CPU
		{CD4CF002-8239-46EA-A9C9-43B142306153}.Release|Any CPU.ActiveCfg = Release|Any CPU
		{CD4CF002-8239-46EA-A9C9-43B142306153}.Release|Any CPU.Build.0 = Release|Any CPU
		{D4E7C749-F6A3-4A29-BC28-1693E1269A82}.Debug|Any CPU.ActiveCfg = Debug|Any CPU
		{D4E7C749-F6A3-4A29-BC28-1693E1269A82}.Debug|Any CPU.Build.0 = Debug|Any CPU
		{D4E7C749-F6A3-4A29-BC28-1693E1269A82}.Release|Any CPU.ActiveCfg = Debug|Any CPU
		{D4E7C749-F6A3-4A29-BC28-1693E1269A82}.Release|Any CPU.Build.0 = Debug|Any CPU
	EndGlobalSection
	GlobalSection(SolutionProperties) = preSolution
		HideSolutionNode = FALSE
	EndGlobalSection
EndGlobal
